// !$*UTF8*$!
{
	archiveVersion = 1;
	classes = {
	};
	objectVersion = 50;
	objects = {

/* Begin PBXBuildFile section */
		6577857C20A42C59001D874B /* AppDelegate.swift in Sources */ = {isa = PBXBuildFile; fileRef = 6577857B20A42C59001D874B /* AppDelegate.swift */; };
		6577857E20A42C59001D874B /* ViewController.swift in Sources */ = {isa = PBXBuildFile; fileRef = 6577857D20A42C59001D874B /* ViewController.swift */; };
		6577858120A42C59001D874B /* Main.storyboard in Resources */ = {isa = PBXBuildFile; fileRef = 6577857F20A42C59001D874B /* Main.storyboard */; };
		6577858320A42C5A001D874B /* Assets.xcassets in Resources */ = {isa = PBXBuildFile; fileRef = 6577858220A42C5A001D874B /* Assets.xcassets */; };
		6577858620A42C5A001D874B /* LaunchScreen.storyboard in Resources */ = {isa = PBXBuildFile; fileRef = 6577858420A42C5A001D874B /* LaunchScreen.storyboard */; };
		6577859120A42C5A001D874B /* TranslationDemoTests.swift in Sources */ = {isa = PBXBuildFile; fileRef = 6577859020A42C5A001D874B /* TranslationDemoTests.swift */; };
		6577859C20A42C5A001D874B /* TranslationDemoUITests.swift in Sources */ = {isa = PBXBuildFile; fileRef = 6577859B20A42C5A001D874B /* TranslationDemoUITests.swift */; };
		657785AD20A4348E001D874B /* CircleButton.swift in Sources */ = {isa = PBXBuildFile; fileRef = 657785AC20A4348E001D874B /* CircleButton.swift */; };
/* End PBXBuildFile section */

/* Begin PBXContainerItemProxy section */
		6577858D20A42C5A001D874B /* PBXContainerItemProxy */ = {
			isa = PBXContainerItemProxy;
			containerPortal = 6577857020A42C59001D874B /* Project object */;
			proxyType = 1;
			remoteGlobalIDString = 6577857720A42C59001D874B;
			remoteInfo = TranslationDemo;
		};
		6577859820A42C5A001D874B /* PBXContainerItemProxy */ = {
			isa = PBXContainerItemProxy;
			containerPortal = 6577857020A42C59001D874B /* Project object */;
			proxyType = 1;
			remoteGlobalIDString = 6577857720A42C59001D874B;
			remoteInfo = TranslationDemo;
		};
/* End PBXContainerItemProxy section */

/* Begin PBXFileReference section */
		6577857820A42C59001D874B /* TranslationDemo.app */ = {isa = PBXFileReference; explicitFileType = wrapper.application; includeInIndex = 0; path = TranslationDemo.app; sourceTree = BUILT_PRODUCTS_DIR; };
		6577857B20A42C59001D874B /* AppDelegate.swift */ = {isa = PBXFileReference; lastKnownFileType = sourcecode.swift; path = AppDelegate.swift; sourceTree = "<group>"; };
		6577857D20A42C59001D874B /* ViewController.swift */ = {isa = PBXFileReference; lastKnownFileType = sourcecode.swift; path = ViewController.swift; sourceTree = "<group>"; };
		6577858020A42C59001D874B /* Base */ = {isa = PBXFileReference; lastKnownFileType = file.storyboard; name = Base; path = Base.lproj/Main.storyboard; sourceTree = "<group>"; };
		6577858220A42C5A001D874B /* Assets.xcassets */ = {isa = PBXFileReference; lastKnownFileType = folder.assetcatalog; path = Assets.xcassets; sourceTree = "<group>"; };
		6577858520A42C5A001D874B /* Base */ = {isa = PBXFileReference; lastKnownFileType = file.storyboard; name = Base; path = Base.lproj/LaunchScreen.storyboard; sourceTree = "<group>"; };
		6577858720A42C5A001D874B /* Info.plist */ = {isa = PBXFileReference; lastKnownFileType = text.plist.xml; path = Info.plist; sourceTree = "<group>"; };
		6577858C20A42C5A001D874B /* TranslationDemoTests.xctest */ = {isa = PBXFileReference; explicitFileType = wrapper.cfbundle; includeInIndex = 0; path = TranslationDemoTests.xctest; sourceTree = BUILT_PRODUCTS_DIR; };
		6577859020A42C5A001D874B /* TranslationDemoTests.swift */ = {isa = PBXFileReference; lastKnownFileType = sourcecode.swift; path = TranslationDemoTests.swift; sourceTree = "<group>"; };
		6577859220A42C5A001D874B /* Info.plist */ = {isa = PBXFileReference; lastKnownFileType = text.plist.xml; path = Info.plist; sourceTree = "<group>"; };
		6577859720A42C5A001D874B /* TranslationDemoUITests.xctest */ = {isa = PBXFileReference; explicitFileType = wrapper.cfbundle; includeInIndex = 0; path = TranslationDemoUITests.xctest; sourceTree = BUILT_PRODUCTS_DIR; };
		6577859B20A42C5A001D874B /* TranslationDemoUITests.swift */ = {isa = PBXFileReference; lastKnownFileType = sourcecode.swift; path = TranslationDemoUITests.swift; sourceTree = "<group>"; };
		6577859D20A42C5A001D874B /* Info.plist */ = {isa = PBXFileReference; lastKnownFileType = text.plist.xml; path = Info.plist; sourceTree = "<group>"; };
		657785AC20A4348E001D874B /* CircleButton.swift */ = {isa = PBXFileReference; lastKnownFileType = sourcecode.swift; path = CircleButton.swift; sourceTree = "<group>"; };
/* End PBXFileReference section */

/* Begin PBXFrameworksBuildPhase section */
		6577857520A42C59001D874B /* Frameworks */ = {
			isa = PBXFrameworksBuildPhase;
			buildActionMask = 2147483647;
			files = (
			);
			runOnlyForDeploymentPostprocessing = 0;
		};
		6577858920A42C5A001D874B /* Frameworks */ = {
			isa = PBXFrameworksBuildPhase;
			buildActionMask = 2147483647;
			files = (
			);
			runOnlyForDeploymentPostprocessing = 0;
		};
		6577859420A42C5A001D874B /* Frameworks */ = {
			isa = PBXFrameworksBuildPhase;
			buildActionMask = 2147483647;
			files = (
			);
			runOnlyForDeploymentPostprocessing = 0;
		};
/* End PBXFrameworksBuildPhase section */

/* Begin PBXGroup section */
		6577856F20A42C59001D874B = {
			isa = PBXGroup;
			children = (
				6577857A20A42C59001D874B /* TranslationDemo */,
				6577858F20A42C5A001D874B /* TranslationDemoTests */,
				6577859A20A42C5A001D874B /* TranslationDemoUITests */,
				6577857920A42C59001D874B /* Products */,
			);
			sourceTree = "<group>";
		};
		6577857920A42C59001D874B /* Products */ = {
			isa = PBXGroup;
			children = (
				6577857820A42C59001D874B /* TranslationDemo.app */,
				6577858C20A42C5A001D874B /* TranslationDemoTests.xctest */,
				6577859720A42C5A001D874B /* TranslationDemoUITests.xctest */,
			);
			name = Products;
			sourceTree = "<group>";
		};
		6577857A20A42C59001D874B /* TranslationDemo */ = {
			isa = PBXGroup;
			children = (
				657785AB20A43352001D874B /* Controller */,
				657785AA20A4334C001D874B /* View */,
				657785A920A4333F001D874B /* Model */,
				6577857B20A42C59001D874B /* AppDelegate.swift */,
				6577857F20A42C59001D874B /* Main.storyboard */,
				6577858220A42C5A001D874B /* Assets.xcassets */,
				6577858420A42C5A001D874B /* LaunchScreen.storyboard */,
				6577858720A42C5A001D874B /* Info.plist */,
			);
			path = TranslationDemo;
			sourceTree = "<group>";
		};
		6577858F20A42C5A001D874B /* TranslationDemoTests */ = {
			isa = PBXGroup;
			children = (
				6577859020A42C5A001D874B /* TranslationDemoTests.swift */,
				6577859220A42C5A001D874B /* Info.plist */,
			);
			path = TranslationDemoTests;
			sourceTree = "<group>";
		};
		6577859A20A42C5A001D874B /* TranslationDemoUITests */ = {
			isa = PBXGroup;
			children = (
				6577859B20A42C5A001D874B /* TranslationDemoUITests.swift */,
				6577859D20A42C5A001D874B /* Info.plist */,
			);
			path = TranslationDemoUITests;
			sourceTree = "<group>";
		};
		657785A920A4333F001D874B /* Model */ = {
			isa = PBXGroup;
			children = (
			);
			path = Model;
			sourceTree = "<group>";
		};
		657785AA20A4334C001D874B /* View */ = {
			isa = PBXGroup;
			children = (
				657785AC20A4348E001D874B /* CircleButton.swift */,
			);
			path = View;
			sourceTree = "<group>";
		};
		657785AB20A43352001D874B /* Controller */ = {
			isa = PBXGroup;
			children = (
				6577857D20A42C59001D874B /* ViewController.swift */,
			);
			path = Controller;
			sourceTree = "<group>";
		};
/* End PBXGroup section */

/* Begin PBXNativeTarget section */
		6577857720A42C59001D874B /* TranslationDemo */ = {
			isa = PBXNativeTarget;
			buildConfigurationList = 657785A020A42C5A001D874B /* Build configuration list for PBXNativeTarget "TranslationDemo" */;
			buildPhases = (
				6577857420A42C59001D874B /* Sources */,
				6577857520A42C59001D874B /* Frameworks */,
				6577857620A42C59001D874B /* Resources */,
			);
			buildRules = (
			);
			dependencies = (
			);
			name = TranslationDemo;
			productName = TranslationDemo;
			productReference = 6577857820A42C59001D874B /* TranslationDemo.app */;
			productType = "com.apple.product-type.application";
		};
		6577858B20A42C5A001D874B /* TranslationDemoTests */ = {
			isa = PBXNativeTarget;
			buildConfigurationList = 657785A320A42C5A001D874B /* Build configuration list for PBXNativeTarget "TranslationDemoTests" */;
			buildPhases = (
				6577858820A42C5A001D874B /* Sources */,
				6577858920A42C5A001D874B /* Frameworks */,
				6577858A20A42C5A001D874B /* Resources */,
			);
			buildRules = (
			);
			dependencies = (
				6577858E20A42C5A001D874B /* PBXTargetDependency */,
			);
			name = TranslationDemoTests;
			productName = TranslationDemoTests;
			productReference = 6577858C20A42C5A001D874B /* TranslationDemoTests.xctest */;
			productType = "com.apple.product-type.bundle.unit-test";
		};
		6577859620A42C5A001D874B /* TranslationDemoUITests */ = {
			isa = PBXNativeTarget;
			buildConfigurationList = 657785A620A42C5A001D874B /* Build configuration list for PBXNativeTarget "TranslationDemoUITests" */;
			buildPhases = (
				6577859320A42C5A001D874B /* Sources */,
				6577859420A42C5A001D874B /* Frameworks */,
				6577859520A42C5A001D874B /* Resources */,
			);
			buildRules = (
			);
			dependencies = (
				6577859920A42C5A001D874B /* PBXTargetDependency */,
			);
			name = TranslationDemoUITests;
			productName = TranslationDemoUITests;
			productReference = 6577859720A42C5A001D874B /* TranslationDemoUITests.xctest */;
			productType = "com.apple.product-type.bundle.ui-testing";
		};
/* End PBXNativeTarget section */

/* Begin PBXProject section */
		6577857020A42C59001D874B /* Project object */ = {
			isa = PBXProject;
			attributes = {
				LastSwiftUpdateCheck = 0930;
				LastUpgradeCheck = 0930;
				ORGANIZATIONNAME = "マイン・グエン・フー";
				TargetAttributes = {
					6577857720A42C59001D874B = {
						CreatedOnToolsVersion = 9.3;
					};
					6577858B20A42C5A001D874B = {
						CreatedOnToolsVersion = 9.3;
						TestTargetID = 6577857720A42C59001D874B;
					};
					6577859620A42C5A001D874B = {
						CreatedOnToolsVersion = 9.3;
						TestTargetID = 6577857720A42C59001D874B;
					};
				};
			};
			buildConfigurationList = 6577857320A42C59001D874B /* Build configuration list for PBXProject "TranslationDemo" */;
			compatibilityVersion = "Xcode 9.3";
			developmentRegion = en;
			hasScannedForEncodings = 0;
			knownRegions = (
				en,
				Base,
			);
			mainGroup = 6577856F20A42C59001D874B;
			productRefGroup = 6577857920A42C59001D874B /* Products */;
			projectDirPath = "";
			projectRoot = "";
			targets = (
				6577857720A42C59001D874B /* TranslationDemo */,
				6577858B20A42C5A001D874B /* TranslationDemoTests */,
				6577859620A42C5A001D874B /* TranslationDemoUITests */,
			);
		};
/* End PBXProject section */

/* Begin PBXResourcesBuildPhase section */
		6577857620A42C59001D874B /* Resources */ = {
			isa = PBXResourcesBuildPhase;
			buildActionMask = 2147483647;
			files = (
				6577858620A42C5A001D874B /* LaunchScreen.storyboard in Resources */,
				6577858320A42C5A001D874B /* Assets.xcassets in Resources */,
				6577858120A42C59001D874B /* Main.storyboard in Resources */,
			);
			runOnlyForDeploymentPostprocessing = 0;
		};
		6577858A20A42C5A001D874B /* Resources */ = {
			isa = PBXResourcesBuildPhase;
			buildActionMask = 2147483647;
			files = (
			);
			runOnlyForDeploymentPostprocessing = 0;
		};
		6577859520A42C5A001D874B /* Resources */ = {
			isa = PBXResourcesBuildPhase;
			buildActionMask = 2147483647;
			files = (
			);
			runOnlyForDeploymentPostprocessing = 0;
		};
/* End PBXResourcesBuildPhase section */

/* Begin PBXSourcesBuildPhase section */
		6577857420A42C59001D874B /* Sources */ = {
			isa = PBXSourcesBuildPhase;
			buildActionMask = 2147483647;
			files = (
				6577857E20A42C59001D874B /* ViewController.swift in Sources */,
				657785AD20A4348E001D874B /* CircleButton.swift in Sources */,
				6577857C20A42C59001D874B /* AppDelegate.swift in Sources */,
			);
			runOnlyForDeploymentPostprocessing = 0;
		};
		6577858820A42C5A001D874B /* Sources */ = {
			isa = PBXSourcesBuildPhase;
			buildActionMask = 2147483647;
			files = (
				6577859120A42C5A001D874B /* TranslationDemoTests.swift in Sources */,
			);
			runOnlyForDeploymentPostprocessing = 0;
		};
		6577859320A42C5A001D874B /* Sources */ = {
			isa = PBXSourcesBuildPhase;
			buildActionMask = 2147483647;
			files = (
				6577859C20A42C5A001D874B /* TranslationDemoUITests.swift in Sources */,
			);
			runOnlyForDeploymentPostprocessing = 0;
		};
/* End PBXSourcesBuildPhase section */

/* Begin PBXTargetDependency section */
		6577858E20A42C5A001D874B /* PBXTargetDependency */ = {
			isa = PBXTargetDependency;
			target = 6577857720A42C59001D874B /* TranslationDemo */;
			targetProxy = 6577858D20A42C5A001D874B /* PBXContainerItemProxy */;
		};
		6577859920A42C5A001D874B /* PBXTargetDependency */ = {
			isa = PBXTargetDependency;
			target = 6577857720A42C59001D874B /* TranslationDemo */;
			targetProxy = 6577859820A42C5A001D874B /* PBXContainerItemProxy */;
		};
/* End PBXTargetDependency section */

/* Begin PBXVariantGroup section */
		6577857F20A42C59001D874B /* Main.storyboard */ = {
			isa = PBXVariantGroup;
			children = (
				6577858020A42C59001D874B /* Base */,
			);
			name = Main.storyboard;
			sourceTree = "<group>";
		};
		6577858420A42C5A001D874B /* LaunchScreen.storyboard */ = {
			isa = PBXVariantGroup;
			children = (
				6577858520A42C5A001D874B /* Base */,
			);
			name = LaunchScreen.storyboard;
			sourceTree = "<group>";
		};
/* End PBXVariantGroup section */

/* Begin XCBuildConfiguration section */
		6577859E20A42C5A001D874B /* Debug */ = {
			isa = XCBuildConfiguration;
			buildSettings = {
				ALWAYS_SEARCH_USER_PATHS = NO;
				CLANG_ANALYZER_NONNULL = YES;
				CLANG_ANALYZER_NUMBER_OBJECT_CONVERSION = YES_AGGRESSIVE;
				CLANG_CXX_LANGUAGE_STANDARD = "gnu++14";
				CLANG_CXX_LIBRARY = "libc++";
				CLANG_ENABLE_MODULES = YES;
				CLANG_ENABLE_OBJC_ARC = YES;
				CLANG_ENABLE_OBJC_WEAK = YES;
				CLANG_WARN_BLOCK_CAPTURE_AUTORELEASING = YES;
				CLANG_WARN_BOOL_CONVERSION = YES;
				CLANG_WARN_COMMA = YES;
				CLANG_WARN_CONSTANT_CONVERSION = YES;
				CLANG_WARN_DEPRECATED_OBJC_IMPLEMENTATIONS = YES;
				CLANG_WARN_DIRECT_OBJC_ISA_USAGE = YES_ERROR;
				CLANG_WARN_DOCUMENTATION_COMMENTS = YES;
				CLANG_WARN_EMPTY_BODY = YES;
				CLANG_WARN_ENUM_CONVERSION = YES;
				CLANG_WARN_INFINITE_RECURSION = YES;
				CLANG_WARN_INT_CONVERSION = YES;
				CLANG_WARN_NON_LITERAL_NULL_CONVERSION = YES;
				CLANG_WARN_OBJC_IMPLICIT_RETAIN_SELF = YES;
				CLANG_WARN_OBJC_LITERAL_CONVERSION = YES;
				CLANG_WARN_OBJC_ROOT_CLASS = YES_ERROR;
				CLANG_WARN_RANGE_LOOP_ANALYSIS = YES;
				CLANG_WARN_STRICT_PROTOTYPES = YES;
				CLANG_WARN_SUSPICIOUS_MOVE = YES;
				CLANG_WARN_UNGUARDED_AVAILABILITY = YES_AGGRESSIVE;
				CLANG_WARN_UNREACHABLE_CODE = YES;
				CLANG_WARN__DUPLICATE_METHOD_MATCH = YES;
				CODE_SIGN_IDENTITY = "iPhone Developer";
				COPY_PHASE_STRIP = NO;
				DEBUG_INFORMATION_FORMAT = dwarf;
				ENABLE_STRICT_OBJC_MSGSEND = YES;
				ENABLE_TESTABILITY = YES;
				GCC_C_LANGUAGE_STANDARD = gnu11;
				GCC_DYNAMIC_NO_PIC = NO;
				GCC_NO_COMMON_BLOCKS = YES;
				GCC_OPTIMIZATION_LEVEL = 0;
				GCC_PREPROCESSOR_DEFINITIONS = (
					"DEBUG=1",
					"$(inherited)",
				);
				GCC_WARN_64_TO_32_BIT_CONVERSION = YES;
				GCC_WARN_ABOUT_RETURN_TYPE = YES_ERROR;
				GCC_WARN_UNDECLARED_SELECTOR = YES;
				GCC_WARN_UNINITIALIZED_AUTOS = YES_AGGRESSIVE;
				GCC_WARN_UNUSED_FUNCTION = YES;
				GCC_WARN_UNUSED_VARIABLE = YES;
				IPHONEOS_DEPLOYMENT_TARGET = 11.3;
				MTL_ENABLE_DEBUG_INFO = YES;
				ONLY_ACTIVE_ARCH = YES;
				SDKROOT = iphoneos;
				SWIFT_ACTIVE_COMPILATION_CONDITIONS = DEBUG;
				SWIFT_OPTIMIZATION_LEVEL = "-Onone";
			};
			name = Debug;
		};
		6577859F20A42C5A001D874B /* Release */ = {
			isa = XCBuildConfiguration;
			buildSettings = {
				ALWAYS_SEARCH_USER_PATHS = NO;
				CLANG_ANALYZER_NONNULL = YES;
				CLANG_ANALYZER_NUMBER_OBJECT_CONVERSION = YES_AGGRESSIVE;
				CLANG_CXX_LANGUAGE_STANDARD = "gnu++14";
				CLANG_CXX_LIBRARY = "libc++";
				CLANG_ENABLE_MODULES = YES;
				CLANG_ENABLE_OBJC_ARC = YES;
				CLANG_ENABLE_OBJC_WEAK = YES;
				CLANG_WARN_BLOCK_CAPTURE_AUTORELEASING = YES;
				CLANG_WARN_BOOL_CONVERSION = YES;
				CLANG_WARN_COMMA = YES;
				CLANG_WARN_CONSTANT_CONVERSION = YES;
				CLANG_WARN_DEPRECATED_OBJC_IMPLEMENTATIONS = YES;
				CLANG_WARN_DIRECT_OBJC_ISA_USAGE = YES_ERROR;
				CLANG_WARN_DOCUMENTATION_COMMENTS = YES;
				CLANG_WARN_EMPTY_BODY = YES;
				CLANG_WARN_ENUM_CONVERSION = YES;
				CLANG_WARN_INFINITE_RECURSION = YES;
				CLANG_WARN_INT_CONVERSION = YES;
				CLANG_WARN_NON_LITERAL_NULL_CONVERSION = YES;
				CLANG_WARN_OBJC_IMPLICIT_RETAIN_SELF = YES;
				CLANG_WARN_OBJC_LITERAL_CONVERSION = YES;
				CLANG_WARN_OBJC_ROOT_CLASS = YES_ERROR;
				CLANG_WARN_RANGE_LOOP_ANALYSIS = YES;
				CLANG_WARN_STRICT_PROTOTYPES = YES;
				CLANG_WARN_SUSPICIOUS_MOVE = YES;
				CLANG_WARN_UNGUARDED_AVAILABILITY = YES_AGGRESSIVE;
				CLANG_WARN_UNREACHABLE_CODE = YES;
				CLANG_WARN__DUPLICATE_METHOD_MATCH = YES;
				CODE_SIGN_IDENTITY = "iPhone Developer";
				COPY_PHASE_STRIP = NO;
				DEBUG_INFORMATION_FORMAT = "dwarf-with-dsym";
				ENABLE_NS_ASSERTIONS = NO;
				ENABLE_STRICT_OBJC_MSGSEND = YES;
				GCC_C_LANGUAGE_STANDARD = gnu11;
				GCC_NO_COMMON_BLOCKS = YES;
				GCC_WARN_64_TO_32_BIT_CONVERSION = YES;
				GCC_WARN_ABOUT_RETURN_TYPE = YES_ERROR;
				GCC_WARN_UNDECLARED_SELECTOR = YES;
				GCC_WARN_UNINITIALIZED_AUTOS = YES_AGGRESSIVE;
				GCC_WARN_UNUSED_FUNCTION = YES;
				GCC_WARN_UNUSED_VARIABLE = YES;
				IPHONEOS_DEPLOYMENT_TARGET = 11.3;
				MTL_ENABLE_DEBUG_INFO = NO;
				SDKROOT = iphoneos;
				SWIFT_COMPILATION_MODE = wholemodule;
				SWIFT_OPTIMIZATION_LEVEL = "-O";
				VALIDATE_PRODUCT = YES;
			};
			name = Release;
		};
		657785A120A42C5A001D874B /* Debug */ = {
			isa = XCBuildConfiguration;
			buildSettings = {
				ASSETCATALOG_COMPILER_APPICON_NAME = AppIcon;
				CODE_SIGN_STYLE = Automatic;
				DEVELOPMENT_TEAM = S7T268ZLN3;
				INFOPLIST_FILE = TranslationDemo/Info.plist;
				LD_RUNPATH_SEARCH_PATHS = (
					"$(inherited)",
					"@executable_path/Frameworks",
				);
				PRODUCT_BUNDLE_IDENTIFIER = "-----------.TranslationDemo";
				PRODUCT_NAME = "$(TARGET_NAME)";
				SWIFT_VERSION = 4.0;
				TARGETED_DEVICE_FAMILY = "1,2";
			};
			name = Debug;
		};
		657785A220A42C5A001D874B /* Release */ = {
			isa = XCBuildConfiguration;
			buildSettings = {
				ASSETCATALOG_COMPILER_APPICON_NAME = AppIcon;
				CODE_SIGN_STYLE = Automatic;
				DEVELOPMENT_TEAM = S7T268ZLN3;
				INFOPLIST_FILE = TranslationDemo/Info.plist;
				LD_RUNPATH_SEARCH_PATHS = (
					"$(inherited)",
					"@executable_path/Frameworks",
				);
				PRODUCT_BUNDLE_IDENTIFIER = "-----------.TranslationDemo";
				PRODUCT_NAME = "$(TARGET_NAME)";
				SWIFT_VERSION = 4.0;
				TARGETED_DEVICE_FAMILY = "1,2";
			};
			name = Release;
		};
		657785A420A42C5A001D874B /* Debug */ = {
			isa = XCBuildConfiguration;
			buildSettings = {
				ALWAYS_EMBED_SWIFT_STANDARD_LIBRARIES = YES;
				BUNDLE_LOADER = "$(TEST_HOST)";
				CODE_SIGN_STYLE = Automatic;
				DEVELOPMENT_TEAM = S7T268ZLN3;
				INFOPLIST_FILE = TranslationDemoTests/Info.plist;
				LD_RUNPATH_SEARCH_PATHS = (
					"$(inherited)",
					"@executable_path/Frameworks",
					"@loader_path/Frameworks",
				);
				PRODUCT_BUNDLE_IDENTIFIER = "-----------.TranslationDemoTests";
				PRODUCT_NAME = "$(TARGET_NAME)";
				SWIFT_VERSION = 4.0;
				TARGETED_DEVICE_FAMILY = "1,2";
				TEST_HOST = "$(BUILT_PRODUCTS_DIR)/TranslationDemo.app/TranslationDemo";
			};
			name = Debug;
		};
		657785A520A42C5A001D874B /* Release */ = {
			isa = XCBuildConfiguration;
			buildSettings = {
				ALWAYS_EMBED_SWIFT_STANDARD_LIBRARIES = YES;
				BUNDLE_LOADER = "$(TEST_HOST)";
				CODE_SIGN_STYLE = Automatic;
				DEVELOPMENT_TEAM = S7T268ZLN3;
				INFOPLIST_FILE = TranslationDemoTests/Info.plist;
				LD_RUNPATH_SEARCH_PATHS = (
					"$(inherited)",
					"@executable_path/Frameworks",
					"@loader_path/Frameworks",
				);
				PRODUCT_BUNDLE_IDENTIFIER = "-----------.TranslationDemoTests";
				PRODUCT_NAME = "$(TARGET_NAME)";
				SWIFT_VERSION = 4.0;
				TARGETED_DEVICE_FAMILY = "1,2";
				TEST_HOST = "$(BUILT_PRODUCTS_DIR)/TranslationDemo.app/TranslationDemo";
			};
			name = Release;
		};
		657785A720A42C5A001D874B /* Debug */ = {
			isa = XCBuildConfiguration;
			buildSettings = {
				ALWAYS_EMBED_SWIFT_STANDARD_LIBRARIES = YES;
				CODE_SIGN_STYLE = Automatic;
				DEVELOPMENT_TEAM = S7T268ZLN3;
				INFOPLIST_FILE = TranslationDemoUITests/Info.plist;
				LD_RUNPATH_SEARCH_PATHS = (
					"$(inherited)",
					"@executable_path/Frameworks",
					"@loader_path/Frameworks",
				);
				PRODUCT_BUNDLE_IDENTIFIER = "-----------.TranslationDemoUITests";
				PRODUCT_NAME = "$(TARGET_NAME)";
				SWIFT_VERSION = 4.0;
				TARGETED_DEVICE_FAMILY = "1,2";
				TEST_TARGET_NAME = TranslationDemo;
			};
			name = Debug;
		};
		657785A820A42C5A001D874B /* Release */ = {
			isa = XCBuildConfiguration;
			buildSettings = {
				ALWAYS_EMBED_SWIFT_STANDARD_LIBRARIES = YES;
				CODE_SIGN_STYLE = Automatic;
				DEVELOPMENT_TEAM = S7T268ZLN3;
				INFOPLIST_FILE = TranslationDemoUITests/Info.plist;
				LD_RUNPATH_SEARCH_PATHS = (
					"$(inherited)",
					"@executable_path/Frameworks",
					"@loader_path/Frameworks",
				);
				PRODUCT_BUNDLE_IDENTIFIER = "-----------.TranslationDemoUITests";
				PRODUCT_NAME = "$(TARGET_NAME)";
				SWIFT_VERSION = 4.0;
				TARGETED_DEVICE_FAMILY = "1,2";
				TEST_TARGET_NAME = TranslationDemo;
			};
			name = Release;
		};
/* End XCBuildConfiguration section */

/* Begin XCConfigurationList section */
		6577857320A42C59001D874B /* Build configuration list for PBXProject "TranslationDemo" */ = {
			isa = XCConfigurationList;
			buildConfigurations = (
				6577859E20A42C5A001D874B /* Debug */,
				6577859F20A42C5A001D874B /* Release */,
			);
			defaultConfigurationIsVisible = 0;
			defaultConfigurationName = Release;
		};
		657785A020A42C5A001D874B /* Build configuration list for PBXNativeTarget "TranslationDemo" */ = {
			isa = XCConfigurationList;
			buildConfigurations = (
				657785A120A42C5A001D874B /* Debug */,
				657785A220A42C5A001D874B /* Release */,
			);
			defaultConfigurationIsVisible = 0;
			defaultConfigurationName = Release;
		};
		657785A320A42C5A001D874B /* Build configuration list for PBXNativeTarget "TranslationDemoTests" */ = {
			isa = XCConfigurationList;
			buildConfigurations = (
				657785A420A42C5A001D874B /* Debug */,
				657785A520A42C5A001D874B /* Release */,
			);
			defaultConfigurationIsVisible = 0;
			defaultConfigurationName = Release;
		};
		657785A620A42C5A001D874B /* Build configuration list for PBXNativeTarget "TranslationDemoUITests" */ = {
			isa = XCConfigurationList;
			buildConfigurations = (
				657785A720A42C5A001D874B /* Debug */,
				657785A820A42C5A001D874B /* Release */,
			);
			defaultConfigurationIsVisible = 0;
			defaultConfigurationName = Release;
		};
/* End XCConfigurationList section */
	};
	rootObject = 6577857020A42C59001D874B /* Project object */;
}
